
Microsoft Visual Studio Solution File, Format Version 12.00
Project("{2150E333-8FDC-42A3-9474-1A3956D46DE8}") = "Solution Items", "Solution Items", "{65BA72E5-7CB1-4F46-BBC9-8B389D0DE545}"
EndProject
Project("{2150E333-8FDC-42A3-9474-1A3956D46DE8}") = "src", "src", "{D48E2AD1-AA89-42D2-9875-124BA156E400}"
EndProject
Project("{2150E333-8FDC-42A3-9474-1A3956D46DE8}") = "tests", "tests", "{66F6B973-64E7-415A-87CA-757F1C1A27F7}"
EndProject
Project("{FAE04EC0-301F-11D3-BF4B-00C04F79EFBC}") = "API", "API\API.csproj", "{5FFAAAFE-73DB-4EEA-8191-39DF67506059}"
EndProject
Project("{FAE04EC0-301F-11D3-BF4B-00C04F79EFBC}") = "Client", "Client\Client.csproj", "{69293C9A-E4D9-4EF9-9470-45D7E000BF50}"
EndProject
Project("{FAE04EC0-301F-11D3-BF4B-00C04F79EFBC}") = "Data", "Data\Data.csproj", "{8251C629-3FBC-4FEA-87A7-0BF85F8A6BED}"
EndProject
Project("{FAE04EC0-301F-11D3-BF4B-00C04F79EFBC}") = "ViewModels", "ViewModels\ViewModels.csproj", "{E552C135-958B-49D9-8B30-5EB60BE78CF4}"
EndProject
Project("{FAE04EC0-301F-11D3-BF4B-00C04F79EFBC}") = "UnitTests", "UnitTests\UnitTests.csproj", "{E37427E8-0331-4093-9867-630685FB54CC}"
EndProject
Project("{FAE04EC0-301F-11D3-BF4B-00C04F79EFBC}") = "Core", "Core\Core.csproj", "{2C05D462-41F4-4712-8002-67A0CBD9EB2A}"
EndProject
Global
	GlobalSection(SolutionConfigurationPlatforms) = preSolution
		Debug|Any CPU = Debug|Any CPU
		Release|Any CPU = Release|Any CPU
	EndGlobalSection
	GlobalSection(NestedProjects) = preSolution
		{5FFAAAFE-73DB-4EEA-8191-39DF67506059} = {D48E2AD1-AA89-42D2-9875-124BA156E400}
		{69293C9A-E4D9-4EF9-9470-45D7E000BF50} = {D48E2AD1-AA89-42D2-9875-124BA156E400}
		{8251C629-3FBC-4FEA-87A7-0BF85F8A6BED} = {D48E2AD1-AA89-42D2-9875-124BA156E400}
		{E552C135-958B-49D9-8B30-5EB60BE78CF4} = {D48E2AD1-AA89-42D2-9875-124BA156E400}
		{E37427E8-0331-4093-9867-630685FB54CC} = {66F6B973-64E7-415A-87CA-757F1C1A27F7}
		{2C05D462-41F4-4712-8002-67A0CBD9EB2A} = {D48E2AD1-AA89-42D2-9875-124BA156E400}
	EndGlobalSection
	GlobalSection(ProjectConfigurationPlatforms) = postSolution
		{5FFAAAFE-73DB-4EEA-8191-39DF67506059}.Debug|Any CPU.ActiveCfg = Debug|Any CPU
		{5FFAAAFE-73DB-4EEA-8191-39DF67506059}.Debug|Any CPU.Build.0 = Debug|Any CPU
		{5FFAAAFE-73DB-4EEA-8191-39DF67506059}.Release|Any CPU.ActiveCfg = Release|Any CPU
		{5FFAAAFE-73DB-4EEA-8191-39DF67506059}.Release|Any CPU.Build.0 = Release|Any CPU
		{69293C9A-E4D9-4EF9-9470-45D7E000BF50}.Debug|Any CPU.ActiveCfg = Debug|Any CPU
		{69293C9A-E4D9-4EF9-9470-45D7E000BF50}.Debug|Any CPU.Build.0 = Debug|Any CPU
		{69293C9A-E4D9-4EF9-9470-45D7E000BF50}.Release|Any CPU.ActiveCfg = Release|Any CPU
		{69293C9A-E4D9-4EF9-9470-45D7E000BF50}.Release|Any CPU.Build.0 = Release|Any CPU
		{8251C629-3FBC-4FEA-87A7-0BF85F8A6BED}.Debug|Any CPU.ActiveCfg = Debug|Any CPU
		{8251C629-3FBC-4FEA-87A7-0BF85F8A6BED}.Debug|Any CPU.Build.0 = Debug|Any CPU
		{8251C629-3FBC-4FEA-87A7-0BF85F8A6BED}.Release|Any CPU.ActiveCfg = Release|Any CPU
		{8251C629-3FBC-4FEA-87A7-0BF85F8A6BED}.Release|Any CPU.Build.0 = Release|Any CPU
		{E552C135-958B-49D9-8B30-5EB60BE78CF4}.Debug|Any CPU.ActiveCfg = Debug|Any CPU
		{E552C135-958B-49D9-8B30-5EB60BE78CF4}.Debug|Any CPU.Build.0 = Debug|Any CPU
		{E552C135-958B-49D9-8B30-5EB60BE78CF4}.Release|Any CPU.ActiveCfg = Release|Any CPU
		{E552C135-958B-49D9-8B30-5EB60BE78CF4}.Release|Any CPU.Build.0 = Release|Any CPU
		{E37427E8-0331-4093-9867-630685FB54CC}.Debug|Any CPU.ActiveCfg = Debug|Any CPU
		{E37427E8-0331-4093-9867-630685FB54CC}.Debug|Any CPU.Build.0 = Debug|Any CPU
		{E37427E8-0331-4093-9867-630685FB54CC}.Release|Any CPU.ActiveCfg = Release|Any CPU
		{E37427E8-0331-4093-9867-630685FB54CC}.Release|Any CPU.Build.0 = Release|Any CPU
		{2C05D462-41F4-4712-8002-67A0CBD9EB2A}.Debug|Any CPU.ActiveCfg = Debug|Any CPU
		{2C05D462-41F4-4712-8002-67A0CBD9EB2A}.Debug|Any CPU.Build.0 = Debug|Any CPU
		{2C05D462-41F4-4712-8002-67A0CBD9EB2A}.Release|Any CPU.ActiveCfg = Release|Any CPU
		{2C05D462-41F4-4712-8002-67A0CBD9EB2A}.Release|Any CPU.Build.0 = Release|Any CPU
	EndGlobalSection
EndGlobal
